
Microsoft Visual Studio Solution File, Format Version 12.00
# Visual Studio Version 17
VisualStudioVersion = 17.0.31903.59
MinimumVisualStudioVersion = 10.0.40219.1
Project("{FAE04EC0-301F-11D3-BF4B-00C04F79EFBC}") = "CYInvoice.Core", "src\CYInvoice.Core\CYInvoice.Core.csproj", "{04A55FCB-E246-423C-8951-B14BE46F3209}"
EndProject
Project("{FAE04EC0-301F-11D3-BF4B-00C04F79EFBC}") = "CYInvoice.WinForms", "src\CYInvoice.WinForms\CYInvoice.WinForms.csproj", "{17292282-DF6A-4F4E-B2C9-204AC664962D}"
EndProject
Project("{FAE04EC0-301F-11D3-BF4B-00C04F79EFBC}") = "CYInvoice.Core.Tests", "tests\CYInvoice.Core.Tests\CYInvoice.Core.Tests.csproj", "{72C0B0DA-42C4-4811-8BDC-B01135292A57}"
EndProject
Project("{FAE04EC0-301F-11D3-BF4B-00C04F79EFBC}") = "CYInvoice.SqliteMigration.Tests", "tests\CYInvoice.SqliteMigration.Tests\CYInvoice.SqliteMigration.Tests.csproj", "{AA178C2F-ED48-4AD7-A41F-31A4F09C44EB}"
EndProject
Project("{FAE04EC0-301F-11D3-BF4B-00C04F79EFBC}") = "CYInvoice.Sync.Tests", "tests\CYInvoice.Sync.Tests\CYInvoice.Sync.Tests.csproj", "{B2F3A414-9673-4E0C-BE29-C1A7A16362BC}"
EndProject
Project("{FAE04EC0-301F-11D3-BF4B-00C04F79EFBC}") = "CYInvoice.SyncCoordinator.Tests", "tests\CYInvoice.SyncCoordinator.Tests\CYInvoice.SyncCoordinator.Tests.csproj", "{BB7B1E44-8999-4B11-8E27-293288F3E926}"
EndProject
Project("{FAE04EC0-301F-11D3-BF4B-00C04F79EFBC}") = "CYInvoice.Void.Tests", "tests\CYInvoice.Void.Tests\CYInvoice.Void.Tests.csproj", "{D4824F2D-FA62-4A4A-8806-2144D8D4B5FA}"
EndProject
Project("{FAE04EC0-301F-11D3-BF4B-00C04F79EFBC}") = "CYInvoice.VoidWorkflow.Tests", "tests\CYInvoice.VoidWorkflow.Tests\CYInvoice.VoidWorkflow.Tests.csproj", "{73824594-E864-4D39-B949-A5B728A5138B}"
EndProject
Global
	GlobalSection(SolutionConfigurationPlatforms) = preSolution
		Debug|x64 = Debug|x64
		Release|x64 = Release|x64
	EndGlobalSection
	GlobalSection(ProjectConfigurationPlatforms) = postSolution
		{04A55FCB-E246-423C-8951-B14BE46F3209}.Debug|x64.ActiveCfg = Debug|Any CPU
		{04A55FCB-E246-423C-8951-B14BE46F3209}.Debug|x64.Build.0 = Debug|Any CPU
		{04A55FCB-E246-423C-8951-B14BE46F3209}.Release|x64.ActiveCfg = Release|Any CPU
		{04A55FCB-E246-423C-8951-B14BE46F3209}.Release|x64.Build.0 = Release|Any CPU
		{17292282-DF6A-4F4E-B2C9-204AC664962D}.Debug|x64.ActiveCfg = Debug|x64
		{17292282-DF6A-4F4E-B2C9-204AC664962D}.Debug|x64.Build.0 = Debug|x64
		{17292282-DF6A-4F4E-B2C9-204AC664962D}.Release|x64.ActiveCfg = Release|x64
		{17292282-DF6A-4F4E-B2C9-204AC664962D}.Release|x64.Build.0 = Release|x64
		{72C0B0DA-42C4-4811-8BDC-B01135292A57}.Debug|x64.ActiveCfg = Debug|Any CPU
		{72C0BDA-42C4-4811-8BDC-B01135292A57}.Debug|x64.Build.0 = Debug|Any CPU
		{72C0B0DA-42C4-4811-8BDC-B01135292A57}.Release|x64.ActiveCfg = Release|Any CPU
		{72C0B0DA-42C4-4811-8BDC-B01135292A57}.Release|x64.Build.0 = Release|Any CPU
		{AA178C2F-ED48-4AD7-A41F-31A4F09C44EB}.Debug|x64.ActiveCfg = Debug|Any CPU
		{AA178C2F-ED48-4AD7-A41F-31A4F09C44EB}.Debug|x64.Build.0 = Debug|Any CPU
		{AA178C2F-ED48-4AD7-A41F-31A4F09C44EB}.Release|x64.ActiveCfg = Release|Any CPU
		{AA178C2F-ED48-4AD7-A41F-31A4F09C44EB}.Release|x64.Build.0 = Release|Any CPU
		{B2F3A414-9673-4E0C-BE29-C1A7A16362BC}.Debug|x64.ActiveCfg = Debug|Any CPU
		{B2F3A414-9673-4E0C-BE29-C1A7A16362BC}.Debug|x64.Build.0 = Debug|Any CPU
		{B2F3A414-9673-4E0C-BE29-C1A7A16362BC}.Release|x64.ActiveCfg = Release|Any CPU
		{B2F3A414-9673-4E0C-BE29-C1A7A16362BC}.Release|x64.Build.0 = Release|Any CPU
		{BB7B1E44-8999-4B11-8E27-293288F3E926}.Debug|x64.ActiveCfg = Debug|Any CPU
		{BB7B1E44-8999-4B11-8E27-293288F3E926}.Debug|x64.Build.0 = Debug|Any CPU
		{BB7B1E44-8999-4B11-8E27-293288F3E926}.Release|x64.ActiveCfg = Release|Any CPU
		{BB7B1E44-8999-4B11-8E27-293288F3E926}.Release|x64.Build.0 = Release|Any CPU
		{D4824F2D-FA62-4A4A-8806-2144D8D4B5FA}.Debug|x64.ActiveCfg = Debug|Any CPU
		{D4824F2D-FA62-4A4A-8806-2144D8D4B5FA}.Debug|x64.Build.0 = Debug|Any CPU
		{D4824F2D-FA62-4A4A-8806-2144D8D4B5FA}.Release|x64.ActiveCfg = Release|Any CPU
		{D4824F2D-FA62-4A4A-8806-2144D8D4B5FA}.Release|x64.Build.0 = Release|Any CPU
		{73824594-E864-4D39-B949-A5B728A5138B}.Debug|x64.ActiveCfg = Debug|Any CPU
		{73824594-E864-4D39-B949-A5B728A5138B}.Debug|x64.Build.0 = Debug|Any CPU
		{73824594-E864-4D39-B949-A5B728A5138B}.Release|x64.ActiveCfg = Release|Any CPU
		{73824594-E864-4D39-B949-A5B728A5138B}.Release|x64.Build.0 = Release|Any CPU
	EndGlobalSection
EndGlobal
